
Microsoft Visual Studio Solution File, Format Version 12.00
Project("{FAE04EC0-301F-11D3-BF4B-00C04F79EFBC}") = "aluvirsystem", "aluvirsystem\aluvirsystem.csproj", "{A13D7FB0-AEF8-4ED6-A4AF-AA641E447B0F}"
EndProject
Global
	GlobalSection(SolutionConfigurationPlatforms) = preSolution
		Debug|Any CPU = Debug|Any CPU
		Release|Any CPU = Release|Any CPU
	EndGlobalSection
	GlobalSection(ProjectConfigurationPlatforms) = postSolution
		{A13D7FB0-AEF8-4ED6-A4AF-AA641E447B0F}.Debug|Any CPU.ActiveCfg = Debug|Any CPU
		{A13D7FB0-AEF8-4ED6-A4AF-AA641E447B0F}.Debug|Any CPU.Build.0 = Debug|Any CPU
		{A13D7FB0-AEF8-4ED6-A4AF-AA641E447B0F}.Release|Any CPU.ActiveCfg = Release|Any CPU
		{A13D7FB0-AEF8-4ED6-A4AF-AA641E447B0F}.Release|Any CPU.Build.0 = Release|Any CPU
	EndGlobalSection
EndGlobal
